
Microsoft Visual Studio Solution File, Format Version 12.00
# Visual Studio Version 16
VisualStudioVersion = 16.0.29609.76
MinimumVisualStudioVersion = 10.0.40219.1
Project("{8BC9CEB8-8B4A-11D0-8D11-00A0C91BC942}") = "jing-wei", "jing-wei\jing-wei.vcxproj", "{7221B2BF-45A0-44A2-AE35-E515C5D67BBD}"
EndProject
Global
	GlobalSection(SolutionConfigurationPlatforms) = preSolution
		Debug|x64 = Debug|x64
		Debug|x86 = Debug|x86
		Release - Performance Profiler|x64 = Release - Performance Profiler|x64
		Release - Performance Profiler|x86 = Release - Performance Profiler|x86
		Release|x64 = Release|x64
		Release|x86 = Release|x86
	EndGlobalSection
	GlobalSection(ProjectConfigurationPlatforms) = postSolution
		{7221B2BF-45A0-44A2-AE35-E515C5D67BBD}.Debug|x64.ActiveCfg = Debug|x64
		{7221B2BF-45A0-44A2-AE35-E515C5D67BBD}.Debug|x64.Build.0 = Debug|x64
		{7221B2BF-45A0-44A2-AE35-E515C5D67BBD}.Debug|x86.ActiveCfg = Debug|Win32
		{7221B2BF-45A0-44A2-AE35-E515C5D67BBD}.Debug|x86.Build.0 = Debug|Win32
		{7221B2BF-45A0-44A2-AE35-E515C5D67BBD}.Release - Performance Profiler|x64.ActiveCfg = Release - Performance Profiler|x64
		{7221B2BF-45A0-44A2-AE35-E515C5D67BBD}.Release - Performance Profiler|x64.Build.0 = Release - Performance Profiler|x64
		{7221B2BF-45A0-44A2-AE35-E515C5D67BBD}.Release - Performance Profiler|x86.ActiveCfg = Release - Performance Profiler|Win32
		{7221B2BF-45A0-44A2-AE35-E515C5D67BBD}.Release - Performance Profiler|x86.Build.0 = Release - Performance Profiler|Win32
		{7221B2BF-45A0-44A2-AE35-E515C5D67BBD}.Release|x64.ActiveCfg = Release|x64
		{7221B2BF-45A0-44A2-AE35-E515C5D67BBD}.Release|x64.Build.0 = Release|x64
		{7221B2BF-45A0-44A2-AE35-E515C5D67BBD}.Release|x86.ActiveCfg = Release|Win32
		{7221B2BF-45A0-44A2-AE35-E515C5D67BBD}.Release|x86.Build.0 = Release|Win32
	EndGlobalSection
	GlobalSection(SolutionProperties) = preSolution
		HideSolutionNode = FALSE
	EndGlobalSection
	GlobalSection(ExtensibilityGlobals) = postSolution
		SolutionGuid = {E9740925-15B5-473A-851B-B79B4F7F9AC4}
	EndGlobalSection
EndGlobal
